// !$*UTF8*$!
{
	archiveVersion = 1;
	classes = {
	};
	objectVersion = 56;
	objects = {

/* Begin PBXBuildFile section */
		3F6BD8872A59728D00DF6840 /* AppDelegate.swift in Sources */ = {isa = PBXBuildFile; fileRef = 3F6BD8862A59728D00DF6840 /* AppDelegate.swift */; };
		3F6BD8892A59728D00DF6840 /* SceneDelegate.swift in Sources */ = {isa = PBXBuildFile; fileRef = 3F6BD8882A59728D00DF6840 /* SceneDelegate.swift */; };
		3F6BD88B2A59728D00DF6840 /* ViewController.swift in Sources */ = {isa = PBXBuildFile; fileRef = 3F6BD88A2A59728D00DF6840 /* ViewController.swift */; };
		3F6BD88E2A59728D00DF6840 /* Main.storyboard in Resources */ = {isa = PBXBuildFile; fileRef = 3F6BD88C2A59728D00DF6840 /* Main.storyboard */; };
		3F6BD8902A59728E00DF6840 /* Assets.xcassets in Resources */ = {isa = PBXBuildFile; fileRef = 3F6BD88F2A59728E00DF6840 /* Assets.xcassets */; };
		3F6BD8932A59728E00DF6840 /* LaunchScreen.storyboard in Resources */ = {isa = PBXBuildFile; fileRef = 3F6BD8912A59728E00DF6840 /* LaunchScreen.storyboard */; };
		3F6BD89E2A59728E00DF6840 /* GitPractiseTests.swift in Sources */ = {isa = PBXBuildFile; fileRef = 3F6BD89D2A59728E00DF6840 /* GitPractiseTests.swift */; };
		3F6BD8A82A59728E00DF6840 /* GitPractiseUITests.swift in Sources */ = {isa = PBXBuildFile; fileRef = 3F6BD8A72A59728E00DF6840 /* GitPractiseUITests.swift */; };
		3F6BD8AA2A59728E00DF6840 /* GitPractiseUITestsLaunchTests.swift in Sources */ = {isa = PBXBuildFile; fileRef = 3F6BD8A92A59728E00DF6840 /* GitPractiseUITestsLaunchTests.swift */; };
		3F6BD8B72A5975C100DF6840 /* NewFile.swift in Sources */ = {isa = PBXBuildFile; fileRef = 3F6BD8B62A5975C100DF6840 /* NewFile.swift */; };
		3F6BD8B92A5975F400DF6840 /* PractiseGit.swift in Sources */ = {isa = PBXBuildFile; fileRef = 3F6BD8B82A5975F400DF6840 /* PractiseGit.swift */; };
/* End PBXBuildFile section */

/* Begin PBXContainerItemProxy section */
		3F6BD89A2A59728E00DF6840 /* PBXContainerItemProxy */ = {
			isa = PBXContainerItemProxy;
			containerPortal = 3F6BD87B2A59728D00DF6840 /* Project object */;
			proxyType = 1;
			remoteGlobalIDString = 3F6BD8822A59728D00DF6840;
			remoteInfo = GitPractise;
		};
		3F6BD8A42A59728E00DF6840 /* PBXContainerItemProxy */ = {
			isa = PBXContainerItemProxy;
			containerPortal = 3F6BD87B2A59728D00DF6840 /* Project object */;
			proxyType = 1;
			remoteGlobalIDString = 3F6BD8822A59728D00DF6840;
			remoteInfo = GitPractise;
		};
/* End PBXContainerItemProxy section */

/* Begin PBXFileReference section */
		3F6BD8832A59728D00DF6840 /* GitPractise.app */ = {isa = PBXFileReference; explicitFileType = wrapper.application; includeInIndex = 0; path = GitPractise.app; sourceTree = BUILT_PRODUCTS_DIR; };
		3F6BD8862A59728D00DF6840 /* AppDelegate.swift */ = {isa = PBXFileReference; lastKnownFileType = sourcecode.swift; path = AppDelegate.swift; sourceTree = "<group>"; };
		3F6BD8882A59728D00DF6840 /* SceneDelegate.swift */ = {isa = PBXFileReference; lastKnownFileType = sourcecode.swift; path = SceneDelegate.swift; sourceTree = "<group>"; };
		3F6BD88A2A59728D00DF6840 /* ViewController.swift */ = {isa = PBXFileReference; lastKnownFileType = sourcecode.swift; path = ViewController.swift; sourceTree = "<group>"; };
		3F6BD88D2A59728D00DF6840 /* Base */ = {isa = PBXFileReference; lastKnownFileType = file.storyboard; name = Base; path = Base.lproj/Main.storyboard; sourceTree = "<group>"; };
		3F6BD88F2A59728E00DF6840 /* Assets.xcassets */ = {isa = PBXFileReference; lastKnownFileType = folder.assetcatalog; path = Assets.xcassets; sourceTree = "<group>"; };
		3F6BD8922A59728E00DF6840 /* Base */ = {isa = PBXFileReference; lastKnownFileType = file.storyboard; name = Base; path = Base.lproj/LaunchScreen.storyboard; sourceTree = "<group>"; };
		3F6BD8942A59728E00DF6840 /* Info.plist */ = {isa = PBXFileReference; lastKnownFileType = text.plist.xml; path = Info.plist; sourceTree = "<group>"; };
		3F6BD8992A59728E00DF6840 /* GitPractiseTests.xctest */ = {isa = PBXFileReference; explicitFileType = wrapper.cfbundle; includeInIndex = 0; path = GitPractiseTests.xctest; sourceTree = BUILT_PRODUCTS_DIR; };
		3F6BD89D2A59728E00DF6840 /* GitPractiseTests.swift */ = {isa = PBXFileReference; lastKnownFileType = sourcecode.swift; path = GitPractiseTests.swift; sourceTree = "<group>"; };
		3F6BD8A32A59728E00DF6840 /* GitPractiseUITests.xctest */ = {isa = PBXFileReference; explicitFileType = wrapper.cfbundle; includeInIndex = 0; path = GitPractiseUITests.xctest; sourceTree = BUILT_PRODUCTS_DIR; };
		3F6BD8A72A59728E00DF6840 /* GitPractiseUITests.swift */ = {isa = PBXFileReference; lastKnownFileType = sourcecode.swift; path = GitPractiseUITests.swift; sourceTree = "<group>"; };
		3F6BD8A92A59728E00DF6840 /* GitPractiseUITestsLaunchTests.swift */ = {isa = PBXFileReference; lastKnownFileType = sourcecode.swift; path = GitPractiseUITestsLaunchTests.swift; sourceTree = "<group>"; };
		3F6BD8B62A5975C100DF6840 /* NewFile.swift */ = {isa = PBXFileReference; lastKnownFileType = sourcecode.swift; path = NewFile.swift; sourceTree = "<group>"; };
		3F6BD8B82A5975F400DF6840 /* PractiseGit.swift */ = {isa = PBXFileReference; lastKnownFileType = sourcecode.swift; path = PractiseGit.swift; sourceTree = "<group>"; };
/* End PBXFileReference section */

/* Begin PBXFrameworksBuildPhase section */
		3F6BD8802A59728D00DF6840 /* Frameworks */ = {
			isa = PBXFrameworksBuildPhase;
			buildActionMask = 2147483647;
			files = (
			);
			runOnlyForDeploymentPostprocessing = 0;
		};
		3F6BD8962A59728E00DF6840 /* Frameworks */ = {
			isa = PBXFrameworksBuildPhase;
			buildActionMask = 2147483647;
			files = (
			);
			runOnlyForDeploymentPostprocessing = 0;
		};
		3F6BD8A02A59728E00DF6840 /* Frameworks */ = {
			isa = PBXFrameworksBuildPhase;
			buildActionMask = 2147483647;
			files = (
			);
			runOnlyForDeploymentPostprocessing = 0;
		};
/* End PBXFrameworksBuildPhase section */

/* Begin PBXGroup section */
		3F6BD87A2A59728D00DF6840 = {
			isa = PBXGroup;
			children = (
				3F6BD8852A59728D00DF6840 /* GitPractise */,
				3F6BD89C2A59728E00DF6840 /* GitPractiseTests */,
				3F6BD8A62A59728E00DF6840 /* GitPractiseUITests */,
				3F6BD8842A59728D00DF6840 /* Products */,
			);
			sourceTree = "<group>";
		};
		3F6BD8842A59728D00DF6840 /* Products */ = {
			isa = PBXGroup;
			children = (
				3F6BD8832A59728D00DF6840 /* GitPractise.app */,
				3F6BD8992A59728E00DF6840 /* GitPractiseTests.xctest */,
				3F6BD8A32A59728E00DF6840 /* GitPractiseUITests.xctest */,
			);
			name = Products;
			sourceTree = "<group>";
		};
		3F6BD8852A59728D00DF6840 /* GitPractise */ = {
			isa = PBXGroup;
			children = (
				3F6BD8862A59728D00DF6840 /* AppDelegate.swift */,
				3F6BD8882A59728D00DF6840 /* SceneDelegate.swift */,
				3F6BD88A2A59728D00DF6840 /* ViewController.swift */,
				3F6BD88C2A59728D00DF6840 /* Main.storyboard */,
				3F6BD88F2A59728E00DF6840 /* Assets.xcassets */,
				3F6BD8912A59728E00DF6840 /* LaunchScreen.storyboard */,
				3F6BD8942A59728E00DF6840 /* Info.plist */,
				3F6BD8B62A5975C100DF6840 /* NewFile.swift */,
				3F6BD8B82A5975F400DF6840 /* PractiseGit.swift */,
			);
			path = GitPractise;
			sourceTree = "<group>";
		};
		3F6BD89C2A59728E00DF6840 /* GitPractiseTests */ = {
			isa = PBXGroup;
			children = (
				3F6BD89D2A59728E00DF6840 /* GitPractiseTests.swift */,
			);
			path = GitPractiseTests;
			sourceTree = "<group>";
		};
		3F6BD8A62A59728E00DF6840 /* GitPractiseUITests */ = {
			isa = PBXGroup;
			children = (
				3F6BD8A72A59728E00DF6840 /* GitPractiseUITests.swift */,
				3F6BD8A92A59728E00DF6840 /* GitPractiseUITestsLaunchTests.swift */,
			);
			path = GitPractiseUITests;
			sourceTree = "<group>";
		};
/* End PBXGroup section */

/* Begin PBXNativeTarget section */
		3F6BD8822A59728D00DF6840 /* GitPractise */ = {
			isa = PBXNativeTarget;
			buildConfigurationList = 3F6BD8AD2A59728E00DF6840 /* Build configuration list for PBXNativeTarget "GitPractise" */;
			buildPhases = (
				3F6BD87F2A59728D00DF6840 /* Sources */,
				3F6BD8802A59728D00DF6840 /* Frameworks */,
				3F6BD8812A59728D00DF6840 /* Resources */,
			);
			buildRules = (
			);
			dependencies = (
			);
			name = GitPractise;
			productName = GitPractise;
			productReference = 3F6BD8832A59728D00DF6840 /* GitPractise.app */;
			productType = "com.apple.product-type.application";
		};
		3F6BD8982A59728E00DF6840 /* GitPractiseTests */ = {
			isa = PBXNativeTarget;
			buildConfigurationList = 3F6BD8B02A59728E00DF6840 /* Build configuration list for PBXNativeTarget "GitPractiseTests" */;
			buildPhases = (
				3F6BD8952A59728E00DF6840 /* Sources */,
				3F6BD8962A59728E00DF6840 /* Frameworks */,
				3F6BD8972A59728E00DF6840 /* Resources */,
			);
			buildRules = (
			);
			dependencies = (
				3F6BD89B2A59728E00DF6840 /* PBXTargetDependency */,
			);
			name = GitPractiseTests;
			productName = GitPractiseTests;
			productReference = 3F6BD8992A59728E00DF6840 /* GitPractiseTests.xctest */;
			productType = "com.apple.product-type.bundle.unit-test";
		};
		3F6BD8A22A59728E00DF6840 /* GitPractiseUITests */ = {
			isa = PBXNativeTarget;
			buildConfigurationList = 3F6BD8B32A59728E00DF6840 /* Build configuration list for PBXNativeTarget "GitPractiseUITests" */;
			buildPhases = (
				3F6BD89F2A59728E00DF6840 /* Sources */,
				3F6BD8A02A59728E00DF6840 /* Frameworks */,
				3F6BD8A12A59728E00DF6840 /* Resources */,
			);
			buildRules = (
			);
			dependencies = (
				3F6BD8A52A59728E00DF6840 /* PBXTargetDependency */,
			);
			name = GitPractiseUITests;
			productName = GitPractiseUITests;
			productReference = 3F6BD8A32A59728E00DF6840 /* GitPractiseUITests.xctest */;
			productType = "com.apple.product-type.bundle.ui-testing";
		};
/* End PBXNativeTarget section */

/* Begin PBXProject section */
		3F6BD87B2A59728D00DF6840 /* Project object */ = {
			isa = PBXProject;
			attributes = {
				BuildIndependentTargetsInParallel = 1;
				LastSwiftUpdateCheck = 1430;
				LastUpgradeCheck = 1430;
				TargetAttributes = {
					3F6BD8822A59728D00DF6840 = {
						CreatedOnToolsVersion = 14.3.1;
					};
					3F6BD8982A59728E00DF6840 = {
						CreatedOnToolsVersion = 14.3.1;
						TestTargetID = 3F6BD8822A59728D00DF6840;
					};
					3F6BD8A22A59728E00DF6840 = {
						CreatedOnToolsVersion = 14.3.1;
						TestTargetID = 3F6BD8822A59728D00DF6840;
					};
				};
			};
			buildConfigurationList = 3F6BD87E2A59728D00DF6840 /* Build configuration list for PBXProject "GitPractise" */;
			compatibilityVersion = "Xcode 14.0";
			developmentRegion = en;
			hasScannedForEncodings = 0;
			knownRegions = (
				en,
				Base,
			);
			mainGroup = 3F6BD87A2A59728D00DF6840;
			productRefGroup = 3F6BD8842A59728D00DF6840 /* Products */;
			projectDirPath = "";
			projectRoot = "";
			targets = (
				3F6BD8822A59728D00DF6840 /* GitPractise */,
				3F6BD8982A59728E00DF6840 /* GitPractiseTests */,
				3F6BD8A22A59728E00DF6840 /* GitPractiseUITests */,
			);
		};
/* End PBXProject section */

/* Begin PBXResourcesBuildPhase section */
		3F6BD8812A59728D00DF6840 /* Resources */ = {
			isa = PBXResourcesBuildPhase;
			buildActionMask = 2147483647;
			files = (
				3F6BD8932A59728E00DF6840 /* LaunchScreen.storyboard in Resources */,
				3F6BD8902A59728E00DF6840 /* Assets.xcassets in Resources */,
				3F6BD88E2A59728D00DF6840 /* Main.storyboard in Resources */,
			);
			runOnlyForDeploymentPostprocessing = 0;
		};
		3F6BD8972A59728E00DF6840 /* Resources */ = {
			isa = PBXResourcesBuildPhase;
			buildActionMask = 2147483647;
			files = (
			);
			runOnlyForDeploymentPostprocessing = 0;
		};
		3F6BD8A12A59728E00DF6840 /* Resources */ = {
			isa = PBXResourcesBuildPhase;
			buildActionMask = 2147483647;
			files = (
			);
			runOnlyForDeploymentPostprocessing = 0;
		};
/* End PBXResourcesBuildPhase section */

/* Begin PBXSourcesBuildPhase section */
		3F6BD87F2A59728D00DF6840 /* Sources */ = {
			isa = PBXSourcesBuildPhase;
			buildActionMask = 2147483647;
			files = (
				3F6BD88B2A59728D00DF6840 /* ViewController.swift in Sources */,
				3F6BD8872A59728D00DF6840 /* AppDelegate.swift in Sources */,
				3F6BD8B72A5975C100DF6840 /* NewFile.swift in Sources */,
				3F6BD8B92A5975F400DF6840 /* PractiseGit.swift in Sources */,
				3F6BD8892A59728D00DF6840 /* SceneDelegate.swift in Sources */,
			);
			runOnlyForDeploymentPostprocessing = 0;
		};
		3F6BD8952A59728E00DF6840 /* Sources */ = {
			isa = PBXSourcesBuildPhase;
			buildActionMask = 2147483647;
			files = (
				3F6BD89E2A59728E00DF6840 /* GitPractiseTests.swift in Sources */,
			);
			runOnlyForDeploymentPostprocessing = 0;
		};
		3F6BD89F2A59728E00DF6840 /* Sources */ = {
			isa = PBXSourcesBuildPhase;
			buildActionMask = 2147483647;
			files = (
				3F6BD8AA2A59728E00DF6840 /* GitPractiseUITestsLaunchTests.swift in Sources */,
				3F6BD8A82A59728E00DF6840 /* GitPractiseUITests.swift in Sources */,
			);
			runOnlyForDeploymentPostprocessing = 0;
		};
/* End PBXSourcesBuildPhase section */

/* Begin PBXTargetDependency section */
		3F6BD89B2A59728E00DF6840 /* PBXTargetDependency */ = {
			isa = PBXTargetDependency;
			target = 3F6BD8822A59728D00DF6840 /* GitPractise */;
			targetProxy = 3F6BD89A2A59728E00DF6840 /* PBXContainerItemProxy */;
		};
		3F6BD8A52A59728E00DF6840 /* PBXTargetDependency */ = {
			isa = PBXTargetDependency;
			target = 3F6BD8822A59728D00DF6840 /* GitPractise */;
			targetProxy = 3F6BD8A42A59728E00DF6840 /* PBXContainerItemProxy */;
		};
/* End PBXTargetDependency section */

/* Begin PBXVariantGroup section */
		3F6BD88C2A59728D00DF6840 /* Main.storyboard */ = {
			isa = PBXVariantGroup;
			children = (
				3F6BD88D2A59728D00DF6840 /* Base */,
			);
			name = Main.storyboard;
			sourceTree = "<group>";
		};
		3F6BD8912A59728E00DF6840 /* LaunchScreen.storyboard */ = {
			isa = PBXVariantGroup;
			children = (
				3F6BD8922A59728E00DF6840 /* Base */,
			);
			name = LaunchScreen.storyboard;
			sourceTree = "<group>";
		};
/* End PBXVariantGroup section */

/* Begin XCBuildConfiguration section */
		3F6BD8AB2A59728E00DF6840 /* Debug */ = {
			isa = XCBuildConfiguration;
			buildSettings = {
				ALWAYS_SEARCH_USER_PATHS = NO;
				CLANG_ANALYZER_NONNULL = YES;
				CLANG_ANALYZER_NUMBER_OBJECT_CONVERSION = YES_AGGRESSIVE;
				CLANG_CXX_LANGUAGE_STANDARD = "gnu++20";
				CLANG_ENABLE_MODULES = YES;
				CLANG_ENABLE_OBJC_ARC = YES;
				CLANG_ENABLE_OBJC_WEAK = YES;
				CLANG_WARN_BLOCK_CAPTURE_AUTORELEASING = YES;
				CLANG_WARN_BOOL_CONVERSION = YES;
				CLANG_WARN_COMMA = YES;
				CLANG_WARN_CONSTANT_CONVERSION = YES;
				CLANG_WARN_DEPRECATED_OBJC_IMPLEMENTATIONS = YES;
				CLANG_WARN_DIRECT_OBJC_ISA_USAGE = YES_ERROR;
				CLANG_WARN_DOCUMENTATION_COMMENTS = YES;
				CLANG_WARN_EMPTY_BODY = YES;
				CLANG_WARN_ENUM_CONVERSION = YES;
				CLANG_WARN_INFINITE_RECURSION = YES;
				CLANG_WARN_INT_CONVERSION = YES;
				CLANG_WARN_NON_LITERAL_NULL_CONVERSION = YES;
				CLANG_WARN_OBJC_IMPLICIT_RETAIN_SELF = YES;
				CLANG_WARN_OBJC_LITERAL_CONVERSION = YES;
				CLANG_WARN_OBJC_ROOT_CLASS = YES_ERROR;
				CLANG_WARN_QUOTED_INCLUDE_IN_FRAMEWORK_HEADER = YES;
				CLANG_WARN_RANGE_LOOP_ANALYSIS = YES;
				CLANG_WARN_STRICT_PROTOTYPES = YES;
				CLANG_WARN_SUSPICIOUS_MOVE = YES;
				CLANG_WARN_UNGUARDED_AVAILABILITY = YES_AGGRESSIVE;
				CLANG_WARN_UNREACHABLE_CODE = YES;
				CLANG_WARN__DUPLICATE_METHOD_MATCH = YES;
				COPY_PHASE_STRIP = NO;
				DEBUG_INFORMATION_FORMAT = dwarf;
				ENABLE_STRICT_OBJC_MSGSEND = YES;
				ENABLE_TESTABILITY = YES;
				GCC_C_LANGUAGE_STANDARD = gnu11;
				GCC_DYNAMIC_NO_PIC = NO;
				GCC_NO_COMMON_BLOCKS = YES;
				GCC_OPTIMIZATION_LEVEL = 0;
				GCC_PREPROCESSOR_DEFINITIONS = (
					"DEBUG=1",
					"$(inherited)",
				);
				GCC_WARN_64_TO_32_BIT_CONVERSION = YES;
				GCC_WARN_ABOUT_RETURN_TYPE = YES_ERROR;
				GCC_WARN_UNDECLARED_SELECTOR = YES;
				GCC_WARN_UNINITIALIZED_AUTOS = YES_AGGRESSIVE;
				GCC_WARN_UNUSED_FUNCTION = YES;
				GCC_WARN_UNUSED_VARIABLE = YES;
				IPHONEOS_DEPLOYMENT_TARGET = 16.4;
				MTL_ENABLE_DEBUG_INFO = INCLUDE_SOURCE;
				MTL_FAST_MATH = YES;
				ONLY_ACTIVE_ARCH = YES;
				SDKROOT = iphoneos;
				SWIFT_ACTIVE_COMPILATION_CONDITIONS = DEBUG;
				SWIFT_OPTIMIZATION_LEVEL = "-Onone";
			};
			name = Debug;
		};
		3F6BD8AC2A59728E00DF6840 /* Release */ = {
			isa = XCBuildConfiguration;
			buildSettings = {
				ALWAYS_SEARCH_USER_PATHS = NO;
				CLANG_ANALYZER_NONNULL = YES;
				CLANG_ANALYZER_NUMBER_OBJECT_CONVERSION = YES_AGGRESSIVE;
				CLANG_CXX_LANGUAGE_STANDARD = "gnu++20";
				CLANG_ENABLE_MODULES = YES;
				CLANG_ENABLE_OBJC_ARC = YES;
				CLANG_ENABLE_OBJC_WEAK = YES;
				CLANG_WARN_BLOCK_CAPTURE_AUTORELEASING = YES;
				CLANG_WARN_BOOL_CONVERSION = YES;
				CLANG_WARN_COMMA = YES;
				CLANG_WARN_CONSTANT_CONVERSION = YES;
				CLANG_WARN_DEPRECATED_OBJC_IMPLEMENTATIONS = YES;
				CLANG_WARN_DIRECT_OBJC_ISA_USAGE = YES_ERROR;
				CLANG_WARN_DOCUMENTATION_COMMENTS = YES;
				CLANG_WARN_EMPTY_BODY = YES;
				CLANG_WARN_ENUM_CONVERSION = YES;
				CLANG_WARN_INFINITE_RECURSION = YES;
				CLANG_WARN_INT_CONVERSION = YES;
				CLANG_WARN_NON_LITERAL_NULL_CONVERSION = YES;
				CLANG_WARN_OBJC_IMPLICIT_RETAIN_SELF = YES;
				CLANG_WARN_OBJC_LITERAL_CONVERSION = YES;
				CLANG_WARN_OBJC_ROOT_CLASS = YES_ERROR;
				CLANG_WARN_QUOTED_INCLUDE_IN_FRAMEWORK_HEADER = YES;
				CLANG_WARN_RANGE_LOOP_ANALYSIS = YES;
				CLANG_WARN_STRICT_PROTOTYPES = YES;
				CLANG_WARN_SUSPICIOUS_MOVE = YES;
				CLANG_WARN_UNGUARDED_AVAILABILITY = YES_AGGRESSIVE;
				CLANG_WARN_UNREACHABLE_CODE = YES;
				CLANG_WARN__DUPLICATE_METHOD_MATCH = YES;
				COPY_PHASE_STRIP = NO;
				DEBUG_INFORMATION_FORMAT = "dwarf-with-dsym";
				ENABLE_NS_ASSERTIONS = NO;
				ENABLE_STRICT_OBJC_MSGSEND = YES;
				GCC_C_LANGUAGE_STANDARD = gnu11;
				GCC_NO_COMMON_BLOCKS = YES;
				GCC_WARN_64_TO_32_BIT_CONVERSION = YES;
				GCC_WARN_ABOUT_RETURN_TYPE = YES_ERROR;
				GCC_WARN_UNDECLARED_SELECTOR = YES;
				GCC_WARN_UNINITIALIZED_AUTOS = YES_AGGRESSIVE;
				GCC_WARN_UNUSED_FUNCTION = YES;
				GCC_WARN_UNUSED_VARIABLE = YES;
				IPHONEOS_DEPLOYMENT_TARGET = 16.4;
				MTL_ENABLE_DEBUG_INFO = NO;
				MTL_FAST_MATH = YES;
				SDKROOT = iphoneos;
				SWIFT_COMPILATION_MODE = wholemodule;
				SWIFT_OPTIMIZATION_LEVEL = "-O";
				VALIDATE_PRODUCT = YES;
			};
			name = Release;
		};
		3F6BD8AE2A59728E00DF6840 /* Debug */ = {
			isa = XCBuildConfiguration;
			buildSettings = {
				ASSETCATALOG_COMPILER_APPICON_NAME = AppIcon;
				ASSETCATALOG_COMPILER_GLOBAL_ACCENT_COLOR_NAME = AccentColor;
				CODE_SIGN_STYLE = Automatic;
				CURRENT_PROJECT_VERSION = 1;
				DEVELOPMENT_TEAM = S8FBP4YLUA;
				GENERATE_INFOPLIST_FILE = YES;
				INFOPLIST_FILE = GitPractise/Info.plist;
				INFOPLIST_KEY_UIApplicationSupportsIndirectInputEvents = YES;
				INFOPLIST_KEY_UILaunchStoryboardName = LaunchScreen;
				INFOPLIST_KEY_UIMainStoryboardFile = Main;
				INFOPLIST_KEY_UISupportedInterfaceOrientations_iPad = "UIInterfaceOrientationPortrait UIInterfaceOrientationPortraitUpsideDown UIInterfaceOrientationLandscapeLeft UIInterfaceOrientationLandscapeRight";
				INFOPLIST_KEY_UISupportedInterfaceOrientations_iPhone = "UIInterfaceOrientationPortrait UIInterfaceOrientationLandscapeLeft UIInterfaceOrientationLandscapeRight";
				LD_RUNPATH_SEARCH_PATHS = (
					"$(inherited)",
					"@executable_path/Frameworks",
				);
				MARKETING_VERSION = 1.0;
				PRODUCT_BUNDLE_IDENTIFIER = com.gary.GitPractise;
				PRODUCT_NAME = "$(TARGET_NAME)";
				SWIFT_EMIT_LOC_STRINGS = YES;
				SWIFT_VERSION = 5.0;
				TARGETED_DEVICE_FAMILY = "1,2";
			};
			name = Debug;
		};
		3F6BD8AF2A59728E00DF6840 /* Release */ = {
			isa = XCBuildConfiguration;
			buildSettings = {
				ASSETCATALOG_COMPILER_APPICON_NAME = AppIcon;
				ASSETCATALOG_COMPILER_GLOBAL_ACCENT_COLOR_NAME = AccentColor;
				CODE_SIGN_STYLE = Automatic;
				CURRENT_PROJECT_VERSION = 1;
				DEVELOPMENT_TEAM = S8FBP4YLUA;
				GENERATE_INFOPLIST_FILE = YES;
				INFOPLIST_FILE = GitPractise/Info.plist;
				INFOPLIST_KEY_UIApplicationSupportsIndirectInputEvents = YES;
				INFOPLIST_KEY_UILaunchStoryboardName = LaunchScreen;
				INFOPLIST_KEY_UIMainStoryboardFile = Main;
				INFOPLIST_KEY_UISupportedInterfaceOrientations_iPad = "UIInterfaceOrientationPortrait UIInterfaceOrientationPortraitUpsideDown UIInterfaceOrientationLandscapeLeft UIInterfaceOrientationLandscapeRight";
				INFOPLIST_KEY_UISupportedInterfaceOrientations_iPhone = "UIInterfaceOrientationPortrait UIInterfaceOrientationLandscapeLeft UIInterfaceOrientationLandscapeRight";
				LD_RUNPATH_SEARCH_PATHS = (
					"$(inherited)",
					"@executable_path/Frameworks",
				);
				MARKETING_VERSION = 1.0;
				PRODUCT_BUNDLE_IDENTIFIER = com.gary.GitPractise;
				PRODUCT_NAME = "$(TARGET_NAME)";
				SWIFT_EMIT_LOC_STRINGS = YES;
				SWIFT_VERSION = 5.0;
				TARGETED_DEVICE_FAMILY = "1,2";
			};
			name = Release;
		};
		3F6BD8B12A59728E00DF6840 /* Debug */ = {
			isa = XCBuildConfiguration;
			buildSettings = {
				ALWAYS_EMBED_SWIFT_STANDARD_LIBRARIES = YES;
				BUNDLE_LOADER = "$(TEST_HOST)";
				CODE_SIGN_STYLE = Automatic;
				CURRENT_PROJECT_VERSION = 1;
				DEVELOPMENT_TEAM = S8FBP4YLUA;
				GENERATE_INFOPLIST_FILE = YES;
				IPHONEOS_DEPLOYMENT_TARGET = 16.4;
				MARKETING_VERSION = 1.0;
				PRODUCT_BUNDLE_IDENTIFIER = com.gary.GitPractiseTests;
				PRODUCT_NAME = "$(TARGET_NAME)";
				SWIFT_EMIT_LOC_STRINGS = NO;
				SWIFT_VERSION = 5.0;
				TARGETED_DEVICE_FAMILY = "1,2";
				TEST_HOST = "$(BUILT_PRODUCTS_DIR)/GitPractise.app/$(BUNDLE_EXECUTABLE_FOLDER_PATH)/GitPractise";
			};
			name = Debug;
		};
		3F6BD8B22A59728E00DF6840 /* Release */ = {
			isa = XCBuildConfiguration;
			buildSettings = {
				ALWAYS_EMBED_SWIFT_STANDARD_LIBRARIES = YES;
				BUNDLE_LOADER = "$(TEST_HOST)";
				CODE_SIGN_STYLE = Automatic;
				CURRENT_PROJECT_VERSION = 1;
				DEVELOPMENT_TEAM = S8FBP4YLUA;
				GENERATE_INFOPLIST_FILE = YES;
				IPHONEOS_DEPLOYMENT_TARGET = 16.4;
				MARKETING_VERSION = 1.0;
				PRODUCT_BUNDLE_IDENTIFIER = com.gary.GitPractiseTests;
				PRODUCT_NAME = "$(TARGET_NAME)";
				SWIFT_EMIT_LOC_STRINGS = NO;
				SWIFT_VERSION = 5.0;
				TARGETED_DEVICE_FAMILY = "1,2";
				TEST_HOST = "$(BUILT_PRODUCTS_DIR)/GitPractise.app/$(BUNDLE_EXECUTABLE_FOLDER_PATH)/GitPractise";
			};
			name = Release;
		};
		3F6BD8B42A59728E00DF6840 /* Debug */ = {
			isa = XCBuildConfiguration;
			buildSettings = {
				ALWAYS_EMBED_SWIFT_STANDARD_LIBRARIES = YES;
				CODE_SIGN_STYLE = Automatic;
				CURRENT_PROJECT_VERSION = 1;
				DEVELOPMENT_TEAM = S8FBP4YLUA;
				GENERATE_INFOPLIST_FILE = YES;
				MARKETING_VERSION = 1.0;
				PRODUCT_BUNDLE_IDENTIFIER = com.gary.GitPractiseUITests;
				PRODUCT_NAME = "$(TARGET_NAME)";
				SWIFT_EMIT_LOC_STRINGS = NO;
				SWIFT_VERSION = 5.0;
				TARGETED_DEVICE_FAMILY = "1,2";
				TEST_TARGET_NAME = GitPractise;
			};
			name = Debug;
		};
		3F6BD8B52A59728E00DF6840 /* Release */ = {
			isa = XCBuildConfiguration;
			buildSettings = {
				ALWAYS_EMBED_SWIFT_STANDARD_LIBRARIES = YES;
				CODE_SIGN_STYLE = Automatic;
				CURRENT_PROJECT_VERSION = 1;
				DEVELOPMENT_TEAM = S8FBP4YLUA;
				GENERATE_INFOPLIST_FILE = YES;
				MARKETING_VERSION = 1.0;
				PRODUCT_BUNDLE_IDENTIFIER = com.gary.GitPractiseUITests;
				PRODUCT_NAME = "$(TARGET_NAME)";
				SWIFT_EMIT_LOC_STRINGS = NO;
				SWIFT_VERSION = 5.0;
				TARGETED_DEVICE_FAMILY = "1,2";
				TEST_TARGET_NAME = GitPractise;
			};
			name = Release;
		};
/* End XCBuildConfiguration section */

/* Begin XCConfigurationList section */
		3F6BD87E2A59728D00DF6840 /* Build configuration list for PBXProject "GitPractise" */ = {
			isa = XCConfigurationList;
			buildConfigurations = (
				3F6BD8AB2A59728E00DF6840 /* Debug */,
				3F6BD8AC2A59728E00DF6840 /* Release */,
			);
			defaultConfigurationIsVisible = 0;
			defaultConfigurationName = Release;
		};
		3F6BD8AD2A59728E00DF6840 /* Build configuration list for PBXNativeTarget "GitPractise" */ = {
			isa = XCConfigurationList;
			buildConfigurations = (
				3F6BD8AE2A59728E00DF6840 /* Debug */,
				3F6BD8AF2A59728E00DF6840 /* Release */,
			);
			defaultConfigurationIsVisible = 0;
			defaultConfigurationName = Release;
		};
		3F6BD8B02A59728E00DF6840 /* Build configuration list for PBXNativeTarget "GitPractiseTests" */ = {
			isa = XCConfigurationList;
			buildConfigurations = (
				3F6BD8B12A59728E00DF6840 /* Debug */,
				3F6BD8B22A59728E00DF6840 /* Release */,
			);
			defaultConfigurationIsVisible = 0;
			defaultConfigurationName = Release;
		};
		3F6BD8B32A59728E00DF6840 /* Build configuration list for PBXNativeTarget "GitPractiseUITests" */ = {
			isa = XCConfigurationList;
			buildConfigurations = (
				3F6BD8B42A59728E00DF6840 /* Debug */,
				3F6BD8B52A59728E00DF6840 /* Release */,
			);
			defaultConfigurationIsVisible = 0;
			defaultConfigurationName = Release;
		};
/* End XCConfigurationList section */
	};
	rootObject = 3F6BD87B2A59728D00DF6840 /* Project object */;
}
